
Microsoft Visual Studio Solution File, Format Version 12.00
# Visual Studio 15
VisualStudioVersion = 15.0.27703.2026
MinimumVisualStudioVersion = 10.0.40219.1
Project("{8BC9CEB8-8B4A-11D0-8D11-00A0C91BC942}") = "8.1.1Stripe", "8.1.1Stripe\8.1.1Stripe.vcxproj", "{92F34249-C995-486A-BA26-AA3A3307AB81}"
EndProject
Project("{8BC9CEB8-8B4A-11D0-8D11-00A0C91BC942}") = "8.1.1BrickColor", "8.1.1BrickColor\8.1.1BrickColor.vcxproj", "{A41D7324-D779-48ED-A445-979A384B2525}"
EndProject
Project("{8BC9CEB8-8B4A-11D0-8D11-00A0C91BC942}") = "8.1.2StarBall", "8.1.2StartBall\8.1.2StartBall.vcxproj", "{E3C309DB-DE0B-452B-A1F7-D2D1001E0A72}"
EndProject
Project("{8BC9CEB8-8B4A-11D0-8D11-00A0C91BC942}") = "8.1.3Lattice", "8.1.3Lattice\8.1.3Lattice.vcxproj", "{C062A61B-0B82-4688-A314-3237E262DB41}"
EndProject
Project("{8BC9CEB8-8B4A-11D0-8D11-00A0C91BC942}") = "8.2Bump", "8.2Bump\8.2Bump.vcxproj", "{1B2B6319-065D-4723-91C0-2491A857D0D3}"
EndProject
Project("{8BC9CEB8-8B4A-11D0-8D11-00A0C91BC942}") = "8.3.4StripesBall", "8.3.4StripesBall\8.3.4StripesBall.vcxproj", "{06038574-EFA5-41F4-ACD4-8FED9E13A05A}"
EndProject
Project("{8BC9CEB8-8B4A-11D0-8D11-00A0C91BC942}") = "test_dFdx_dFdy", "test_dFdx_dFdy\test_dFdx_dFdy.vcxproj", "{81A8CD25-4496-4071-91BD-F509E5797170}"
EndProject
Project("{8BC9CEB8-8B4A-11D0-8D11-00A0C91BC942}") = "8.3.4BrickConvolution", "8.3.4BrickConvolution\8.3.4BrickConvolution.vcxproj", "{94058FF0-DAAF-4B07-9B01-1E2E98EB5531}"
EndProject
Project("{8BC9CEB8-8B4A-11D0-8D11-00A0C91BC942}") = "8.3.5Checkerboard", "8.3.5Checkerboard\8.3.5Checkerboard.vcxproj", "{57DEA21D-E276-4B28-909B-8097E4E3A83F}"
EndProject
Project("{8BC9CEB8-8B4A-11D0-8D11-00A0C91BC942}") = "8.4Noise", "8.4Noise\8.4Noise.vcxproj", "{8A102E5C-FE54-47E6-9882-47C86E21B999}"
EndProject
Project("{8BC9CEB8-8B4A-11D0-8D11-00A0C91BC942}") = "8.4Noise1", "8.4Noise1\8.4Noise1.vcxproj", "{D9D9DBF5-F64B-4FC1-836F-1CC1772F7C10}"
EndProject
Project("{8BC9CEB8-8B4A-11D0-8D11-00A0C91BC942}") = "8.4.4NoiseCloudy", "8.4.4Cloudy\8.4.4Cloudy.vcxproj", "{F80C1FA4-A246-4E14-912D-83B9BE69356B}"
EndProject
Project("{8BC9CEB8-8B4A-11D0-8D11-00A0C91BC942}") = "8.4.5Turbulence", "8.4.5Turbulence\8.4.5Turbulence.vcxproj", "{2F9964BB-C9DD-45A6-8A8C-9264C4DF7DD7}"
EndProject
Global
	GlobalSection(SolutionConfigurationPlatforms) = preSolution
		Debug|x64 = Debug|x64
		Debug|x86 = Debug|x86
		Release|x64 = Release|x64
		Release|x86 = Release|x86
	EndGlobalSection
	GlobalSection(ProjectConfigurationPlatforms) = postSolution
		{92F34249-C995-486A-BA26-AA3A3307AB81}.Debug|x64.ActiveCfg = Debug|x64
		{92F34249-C995-486A-BA26-AA3A3307AB81}.Debug|x64.Build.0 = Debug|x64
		{92F34249-C995-486A-BA26-AA3A3307AB81}.Debug|x86.ActiveCfg = Debug|Win32
		{92F34249-C995-486A-BA26-AA3A3307AB81}.Debug|x86.Build.0 = Debug|Win32
		{92F34249-C995-486A-BA26-AA3A3307AB81}.Release|x64.ActiveCfg = Release|x64
		{92F34249-C995-486A-BA26-AA3A3307AB81}.Release|x64.Build.0 = Release|x64
		{92F34249-C995-486A-BA26-AA3A3307AB81}.Release|x86.ActiveCfg = Release|Win32
		{92F34249-C995-486A-BA26-AA3A3307AB81}.Release|x86.Build.0 = Release|Win32
		{A41D7324-D779-48ED-A445-979A384B2525}.Debug|x64.ActiveCfg = Debug|x64
		{A41D7324-D779-48ED-A445-979A384B2525}.Debug|x64.Build.0 = Debug|x64
		{A41D7324-D779-48ED-A445-979A384B2525}.Debug|x86.ActiveCfg = Debug|Win32
		{A41D7324-D779-48ED-A445-979A384B2525}.Debug|x86.Build.0 = Debug|Win32
		{A41D7324-D779-48ED-A445-979A384B2525}.Release|x64.ActiveCfg = Release|x64
		{A41D7324-D779-48ED-A445-979A384B2525}.Release|x64.Build.0 = Release|x64
		{A41D7324-D779-48ED-A445-979A384B2525}.Release|x86.ActiveCfg = Release|Win32
		{A41D7324-D779-48ED-A445-979A384B2525}.Release|x86.Build.0 = Release|Win32
		{E3C309DB-DE0B-452B-A1F7-D2D1001E0A72}.Debug|x64.ActiveCfg = Debug|x64
		{E3C309DB-DE0B-452B-A1F7-D2D1001E0A72}.Debug|x64.Build.0 = Debug|x64
		{E3C309DB-DE0B-452B-A1F7-D2D1001E0A72}.Debug|x86.ActiveCfg = Debug|Win32
		{E3C309DB-DE0B-452B-A1F7-D2D1001E0A72}.Debug|x86.Build.0 = Debug|Win32
		{E3C309DB-DE0B-452B-A1F7-D2D1001E0A72}.Release|x64.ActiveCfg = Release|x64
		{E3C309DB-DE0B-452B-A1F7-D2D1001E0A72}.Release|x64.Build.0 = Release|x64
		{E3C309DB-DE0B-452B-A1F7-D2D1001E0A72}.Release|x86.ActiveCfg = Release|Win32
		{E3C309DB-DE0B-452B-A1F7-D2D1001E0A72}.Release|x86.Build.0 = Release|Win32
		{C062A61B-0B82-4688-A314-3237E262DB41}.Debug|x64.ActiveCfg = Debug|x64
		{C062A61B-0B82-4688-A314-3237E262DB41}.Debug|x64.Build.0 = Debug|x64
		{C062A61B-0B82-4688-A314-3237E262DB41}.Debug|x86.ActiveCfg = Debug|Win32
		{C062A61B-0B82-4688-A314-3237E262DB41}.Debug|x86.Build.0 = Debug|Win32
		{C062A61B-0B82-4688-A314-3237E262DB41}.Release|x64.ActiveCfg = Release|x64
		{C062A61B-0B82-4688-A314-3237E262DB41}.Release|x64.Build.0 = Release|x64
		{C062A61B-0B82-4688-A314-3237E262DB41}.Release|x86.ActiveCfg = Release|Win32
		{C062A61B-0B82-4688-A314-3237E262DB41}.Release|x86.Build.0 = Release|Win32
		{1B2B6319-065D-4723-91C0-2491A857D0D3}.Debug|x64.ActiveCfg = Debug|x64
		{1B2B6319-065D-4723-91C0-2491A857D0D3}.Debug|x64.Build.0 = Debug|x64
		{1B2B6319-065D-4723-91C0-2491A857D0D3}.Debug|x86.ActiveCfg = Debug|Win32
		{1B2B6319-065D-4723-91C0-2491A857D0D3}.Debug|x86.Build.0 = Debug|Win32
		{1B2B6319-065D-4723-91C0-2491A857D0D3}.Release|x64.ActiveCfg = Release|x64
		{1B2B6319-065D-4723-91C0-2491A857D0D3}.Release|x64.Build.0 = Release|x64
		{1B2B6319-065D-4723-91C0-2491A857D0D3}.Release|x86.ActiveCfg = Release|Win32
		{1B2B6319-065D-4723-91C0-2491A857D0D3}.Release|x86.Build.0 = Release|Win32
		{06038574-EFA5-41F4-ACD4-8FED9E13A05A}.Debug|x64.ActiveCfg = Debug|x64
		{06038574-EFA5-41F4-ACD4-8FED9E13A05A}.Debug|x64.Build.0 = Debug|x64
		{06038574-EFA5-41F4-ACD4-8FED9E13A05A}.Debug|x86.ActiveCfg = Debug|Win32
		{06038574-EFA5-41F4-ACD4-8FED9E13A05A}.Debug|x86.Build.0 = Debug|Win32
		{06038574-EFA5-41F4-ACD4-8FED9E13A05A}.Release|x64.ActiveCfg = Release|x64
		{06038574-EFA5-41F4-ACD4-8FED9E13A05A}.Release|x64.Build.0 = Release|x64
		{06038574-EFA5-41F4-ACD4-8FED9E13A05A}.Release|x86.ActiveCfg = Release|Win32
		{06038574-EFA5-41F4-ACD4-8FED9E13A05A}.Release|x86.Build.0 = Release|Win32
		{81A8CD25-4496-4071-91BD-F509E5797170}.Debug|x64.ActiveCfg = Debug|x64
		{81A8CD25-4496-4071-91BD-F509E5797170}.Debug|x64.Build.0 = Debug|x64
		{81A8CD25-4496-4071-91BD-F509E5797170}.Debug|x86.ActiveCfg = Debug|Win32
		{81A8CD25-4496-4071-91BD-F509E5797170}.Debug|x86.Build.0 = Debug|Win32
		{81A8CD25-4496-4071-91BD-F509E5797170}.Release|x64.ActiveCfg = Release|x64
		{81A8CD25-4496-4071-91BD-F509E5797170}.Release|x64.Build.0 = Release|x64
		{81A8CD25-4496-4071-91BD-F509E5797170}.Release|x86.ActiveCfg = Release|Win32
		{81A8CD25-4496-4071-91BD-F509E5797170}.Release|x86.Build.0 = Release|Win32
		{94058FF0-DAAF-4B07-9B01-1E2E98EB5531}.Debug|x64.ActiveCfg = Debug|x64
		{94058FF0-DAAF-4B07-9B01-1E2E98EB5531}.Debug|x64.Build.0 = Debug|x64
		{94058FF0-DAAF-4B07-9B01-1E2E98EB5531}.Debug|x86.ActiveCfg = Debug|Win32
		{94058FF0-DAAF-4B07-9B01-1E2E98EB5531}.Debug|x86.Build.0 = Debug|Win32
		{94058FF0-DAAF-4B07-9B01-1E2E98EB5531}.Release|x64.ActiveCfg = Release|x64
		{94058FF0-DAAF-4B07-9B01-1E2E98EB5531}.Release|x64.Build.0 = Release|x64
		{94058FF0-DAAF-4B07-9B01-1E2E98EB5531}.Release|x86.ActiveCfg = Release|Win32
		{94058FF0-DAAF-4B07-9B01-1E2E98EB5531}.Release|x86.Build.0 = Release|Win32
		{57DEA21D-E276-4B28-909B-8097E4E3A83F}.Debug|x64.ActiveCfg = Debug|x64
		{57DEA21D-E276-4B28-909B-8097E4E3A83F}.Debug|x64.Build.0 = Debug|x64
		{57DEA21D-E276-4B28-909B-8097E4E3A83F}.Debug|x86.ActiveCfg = Debug|Win32
		{57DEA21D-E276-4B28-909B-8097E4E3A83F}.Debug|x86.Build.0 = Debug|Win32
		{57DEA21D-E276-4B28-909B-8097E4E3A83F}.Release|x64.ActiveCfg = Release|x64
		{57DEA21D-E276-4B28-909B-8097E4E3A83F}.Release|x64.Build.0 = Release|x64
		{57DEA21D-E276-4B28-909B-8097E4E3A83F}.Release|x86.ActiveCfg = Release|Win32
		{57DEA21D-E276-4B28-909B-8097E4E3A83F}.Release|x86.Build.0 = Release|Win32
		{8A102E5C-FE54-47E6-9882-47C86E21B999}.Debug|x64.ActiveCfg = Debug|x64
		{8A102E5C-FE54-47E6-9882-47C86E21B999}.Debug|x64.Build.0 = Debug|x64
		{8A102E5C-FE54-47E6-9882-47C86E21B999}.Debug|x86.ActiveCfg = Debug|Win32
		{8A102E5C-FE54-47E6-9882-47C86E21B999}.Debug|x86.Build.0 = Debug|Win32
		{8A102E5C-FE54-47E6-9882-47C86E21B999}.Release|x64.ActiveCfg = Release|x64
		{8A102E5C-FE54-47E6-9882-47C86E21B999}.Release|x64.Build.0 = Release|x64
		{8A102E5C-FE54-47E6-9882-47C86E21B999}.Release|x86.ActiveCfg = Release|Win32
		{8A102E5C-FE54-47E6-9882-47C86E21B999}.Release|x86.Build.0 = Release|Win32
		{D9D9DBF5-F64B-4FC1-836F-1CC1772F7C10}.Debug|x64.ActiveCfg = Debug|x64
		{D9D9DBF5-F64B-4FC1-836F-1CC1772F7C10}.Debug|x64.Build.0 = Debug|x64
		{D9D9DBF5-F64B-4FC1-836F-1CC1772F7C10}.Debug|x86.ActiveCfg = Debug|Win32
		{D9D9DBF5-F64B-4FC1-836F-1CC1772F7C10}.Debug|x86.Build.0 = Debug|Win32
		{D9D9DBF5-F64B-4FC1-836F-1CC1772F7C10}.Release|x64.ActiveCfg = Release|x64
		{D9D9DBF5-F64B-4FC1-836F-1CC1772F7C10}.Release|x64.Build.0 = Release|x64
		{D9D9DBF5-F64B-4FC1-836F-1CC1772F7C10}.Release|x86.ActiveCfg = Release|Win32
		{D9D9DBF5-F64B-4FC1-836F-1CC1772F7C10}.Release|x86.Build.0 = Release|Win32
		{F80C1FA4-A246-4E14-912D-83B9BE69356B}.Debug|x64.ActiveCfg = Debug|x64
		{F80C1FA4-A246-4E14-912D-83B9BE69356B}.Debug|x64.Build.0 = Debug|x64
		{F80C1FA4-A246-4E14-912D-83B9BE69356B}.Debug|x86.ActiveCfg = Debug|Win32
		{F80C1FA4-A246-4E14-912D-83B9BE69356B}.Debug|x86.Build.0 = Debug|Win32
		{F80C1FA4-A246-4E14-912D-83B9BE69356B}.Release|x64.ActiveCfg = Release|x64
		{F80C1FA4-A246-4E14-912D-83B9BE69356B}.Release|x64.Build.0 = Release|x64
		{F80C1FA4-A246-4E14-912D-83B9BE69356B}.Release|x86.ActiveCfg = Release|Win32
		{F80C1FA4-A246-4E14-912D-83B9BE69356B}.Release|x86.Build.0 = Release|Win32
		{2F9964BB-C9DD-45A6-8A8C-9264C4DF7DD7}.Debug|x64.ActiveCfg = Debug|x64
		{2F9964BB-C9DD-45A6-8A8C-9264C4DF7DD7}.Debug|x64.Build.0 = Debug|x64
		{2F9964BB-C9DD-45A6-8A8C-9264C4DF7DD7}.Debug|x86.ActiveCfg = Debug|Win32
		{2F9964BB-C9DD-45A6-8A8C-9264C4DF7DD7}.Debug|x86.Build.0 = Debug|Win32
		{2F9964BB-C9DD-45A6-8A8C-9264C4DF7DD7}.Release|x64.ActiveCfg = Release|x64
		{2F9964BB-C9DD-45A6-8A8C-9264C4DF7DD7}.Release|x64.Build.0 = Release|x64
		{2F9964BB-C9DD-45A6-8A8C-9264C4DF7DD7}.Release|x86.ActiveCfg = Release|Win32
		{2F9964BB-C9DD-45A6-8A8C-9264C4DF7DD7}.Release|x86.Build.0 = Release|Win32
	EndGlobalSection
	GlobalSection(SolutionProperties) = preSolution
		HideSolutionNode = FALSE
	EndGlobalSection
	GlobalSection(ExtensibilityGlobals) = postSolution
		SolutionGuid = {6B0882A6-78F6-46D6-8F89-E4B67D78C6EE}
	EndGlobalSection
EndGlobal
