
Microsoft Visual Studio Solution File, Format Version 12.00
# Visual Studio 14
VisualStudioVersion = 14.0.25420.1
MinimumVisualStudioVersion = 10.0.40219.1
Project("{8BC9CEB8-8B4A-11D0-8D11-00A0C91BC942}") = "vermilion", "vermilion\vermilion.vcxproj", "{2D0698A8-9CB9-478B-8590-7551AB15FB59}"
EndProject
Project("{8BC9CEB8-8B4A-11D0-8D11-00A0C91BC942}") = "Test", "Test\Test.vcxproj", "{05B0EBF7-1DC5-4BE1-A90F-0694A8D6E444}"
EndProject
Global
	GlobalSection(SolutionConfigurationPlatforms) = preSolution
		Debug|x86 = Debug|x86
		Release|x86 = Release|x86
	EndGlobalSection
	GlobalSection(ProjectConfigurationPlatforms) = postSolution
		{2D0698A8-9CB9-478B-8590-7551AB15FB59}.Debug|x86.ActiveCfg = Debug|Win32
		{2D0698A8-9CB9-478B-8590-7551AB15FB59}.Debug|x86.Build.0 = Debug|Win32
		{2D0698A8-9CB9-478B-8590-7551AB15FB59}.Release|x86.ActiveCfg = Release|Win32
		{2D0698A8-9CB9-478B-8590-7551AB15FB59}.Release|x86.Build.0 = Release|Win32
		{05B0EBF7-1DC5-4BE1-A90F-0694A8D6E444}.Debug|x86.ActiveCfg = Debug|Win32
		{05B0EBF7-1DC5-4BE1-A90F-0694A8D6E444}.Debug|x86.Build.0 = Debug|Win32
		{05B0EBF7-1DC5-4BE1-A90F-0694A8D6E444}.Release|x86.ActiveCfg = Release|Win32
		{05B0EBF7-1DC5-4BE1-A90F-0694A8D6E444}.Release|x86.Build.0 = Release|Win32
	EndGlobalSection
	GlobalSection(SolutionProperties) = preSolution
		HideSolutionNode = FALSE
	EndGlobalSection
EndGlobal
