<?xml version="1.0" encoding="utf-8"?>
<Project ToolsVersion="4.0" xmlns="http://schemas.microsoft.com/developer/msbuild/2003">
  <ItemGroup>
    <Filter Include="源文件">
      <UniqueIdentifier>{4FC737F1-C7A5-4376-A066-2A32D752A2FF}</UniqueIdentifier>
      <Extensions>cpp;c;cc;cxx;def;odl;idl;hpj;bat;asm;asmx</Extensions>
    </Filter>
    <Filter Include="头文件">
      <UniqueIdentifier>{93995380-89BD-4b04-88EB-625FBE52EBFB}</UniqueIdentifier>
      <Extensions>h;hh;hpp;hxx;hm;inl;inc;xsd</Extensions>
    </Filter>
    <Filter Include="资源文件">
      <UniqueIdentifier>{67DA6AB6-F800-4c08-8B7A-83BB121AAD01}</UniqueIdentifier>
      <Extensions>rc;ico;cur;bmp;dlg;rc2;rct;bin;rgs;gif;jpg;jpeg;jpe;resx;tiff;tif;png;wav;mfcribbon-ms</Extensions>
    </Filter>
    <Filter Include="include">
      <UniqueIdentifier>{400ce772-df58-4305-81af-b591e4aec16e}</UniqueIdentifier>
    </Filter>
    <Filter Include="lib">
      <UniqueIdentifier>{47be1f29-fbb9-4bf3-9d18-555b319e143c}</UniqueIdentifier>
    </Filter>
  </ItemGroup>
  <ItemGroup>
    <ClCompile Include="..\..\lib\LoadShaders.cpp">
      <Filter>lib</Filter>
    </ClCompile>
    <ClCompile Include="..\..\lib\targa.cpp">
      <Filter>lib</Filter>
    </ClCompile>
    <ClCompile Include="..\..\lib\vbm.cpp">
      <Filter>lib</Filter>
    </ClCompile>
    <ClCompile Include="..\..\lib\glew.c">
      <Filter>lib</Filter>
    </ClCompile>
    <ClCompile Include="ImageTex.cpp">
      <Filter>源文件</Filter>
    </ClCompile>
  </ItemGroup>
  <ItemGroup>
    <ClInclude Include="..\..\include\CheckError.h">
      <Filter>include</Filter>
    </ClInclude>
    <ClInclude Include="..\..\include\GL\eglew.h">
      <Filter>include</Filter>
    </ClInclude>
    <ClInclude Include="..\..\include\GL\freeglut.h">
      <Filter>include</Filter>
    </ClInclude>
    <ClInclude Include="..\..\include\GL\freeglut_ext.h">
      <Filter>include</Filter>
    </ClInclude>
    <ClInclude Include="..\..\include\GL\freeglut_std.h">
      <Filter>include</Filter>
    </ClInclude>
    <ClInclude Include="..\..\include\GL\glcorearb.h">
      <Filter>include</Filter>
    </ClInclude>
    <ClInclude Include="..\..\include\GL\glew.h">
      <Filter>include</Filter>
    </ClInclude>
    <ClInclude Include="..\..\include\GL\glext.h">
      <Filter>include</Filter>
    </ClInclude>
    <ClInclude Include="..\..\include\GL\glut.h">
      <Filter>include</Filter>
    </ClInclude>
    <ClInclude Include="..\..\include\GL\glxew.h">
      <Filter>include</Filter>
    </ClInclude>
    <ClInclude Include="..\..\include\GL\wglew.h">
      <Filter>include</Filter>
    </ClInclude>
    <ClInclude Include="..\..\include\GL3\gl3.h">
      <Filter>include</Filter>
    </ClInclude>
    <ClInclude Include="..\..\include\GL3\gl3w.h">
      <Filter>include</Filter>
    </ClInclude>
    <ClInclude Include="..\..\include\LoadShaders.h">
      <Filter>include</Filter>
    </ClInclude>
    <ClInclude Include="..\..\include\mat.h">
      <Filter>include</Filter>
    </ClInclude>
    <ClInclude Include="..\..\include\Shapes\Cube.h">
      <Filter>include</Filter>
    </ClInclude>
    <ClInclude Include="..\..\include\Shapes\Teapot.h">
      <Filter>include</Filter>
    </ClInclude>
    <ClInclude Include="..\..\include\vapp.h">
      <Filter>include</Filter>
    </ClInclude>
    <ClInclude Include="..\..\include\vbm.h">
      <Filter>include</Filter>
    </ClInclude>
    <ClInclude Include="..\..\include\vec.h">
      <Filter>include</Filter>
    </ClInclude>
    <ClInclude Include="..\..\include\vermilion.h">
      <Filter>include</Filter>
    </ClInclude>
    <ClInclude Include="..\..\include\vgl.h">
      <Filter>include</Filter>
    </ClInclude>
    <ClInclude Include="..\..\include\vmath.h">
      <Filter>include</Filter>
    </ClInclude>
    <ClInclude Include="..\..\include\vutils.h">
      <Filter>include</Filter>
    </ClInclude>
  </ItemGroup>
  <ItemGroup>
    <None Include="ImageTex.frag">
      <Filter>源文件</Filter>
    </None>
    <None Include="ImageTex.vert">
      <Filter>源文件</Filter>
    </None>
    <None Include="show.frag">
      <Filter>源文件</Filter>
    </None>
    <None Include="show.vert">
      <Filter>源文件</Filter>
    </None>
  </ItemGroup>
</Project>