
Microsoft Visual Studio Solution File, Format Version 12.00
# Visual Studio 14
VisualStudioVersion = 14.0.25420.1
MinimumVisualStudioVersion = 10.0.40219.1
Project("{8BC9CEB8-8B4A-11D0-8D11-00A0C91BC942}") = "ch06_texture_wrapping", "ch06_texture_wrapping\ch06_texture_wrapping.vcxproj", "{4FF2FE66-ED91-441B-9FA3-C8379B03E739}"
EndProject
Project("{8BC9CEB8-8B4A-11D0-8D11-00A0C91BC942}") = "ch06_static_texture", "ch06_static_texture\ch06_static_texture.vcxproj", "{CFD0F768-4AF0-4C35-88BC-BF8AA9809C33}"
EndProject
Project("{8BC9CEB8-8B4A-11D0-8D11-00A0C91BC942}") = "ch06_load_texture", "ch06_load_texture\ch06_load_texture.vcxproj", "{718013E4-2C49-4BF1-9555-19347B49414E}"
EndProject
Project("{8BC9CEB8-8B4A-11D0-8D11-00A0C91BC942}") = "ch06_multi_texture", "ch06_multi_texture\ch06_multi_texture.vcxproj", "{46C18832-DFDA-4535-AD84-DF93DE5BDD1B}"
EndProject
Project("{8BC9CEB8-8B4A-11D0-8D11-00A0C91BC942}") = "ch06_volume_texture", "ch06_volume_texture\ch06_volume_texture.vcxproj", "{7329841A-EC61-4C70-BE6C-228A2B3A5159}"
EndProject
Project("{8BC9CEB8-8B4A-11D0-8D11-00A0C91BC942}") = "ch06_cube_map", "ch06_cube_map\ch06_cube_map.vcxproj", "{532489FC-A158-409A-9CBA-71493C81C4B7}"
EndProject
Project("{8BC9CEB8-8B4A-11D0-8D11-00A0C91BC942}") = "ch06_mipmap", "ch06_mipmap\ch06_mipmap.vcxproj", "{2C695561-1249-47F6-BCF6-1C4D8D4399C5}"
EndProject
Project("{8BC9CEB8-8B4A-11D0-8D11-00A0C91BC942}") = "ch06_mip_filters", "ch06_mip_filters\ch06_mip_filters.vcxproj", "{BEB34DAD-C76E-4297-95BA-900B4AFADD8B}"
EndProject
Project("{8BC9CEB8-8B4A-11D0-8D11-00A0C91BC942}") = "ch06_pointsprites", "ch06_pointsprites\ch06_pointsprites.vcxproj", "{92F34249-C995-486A-BA26-AA3A3307AB81}"
EndProject
Project("{8BC9CEB8-8B4A-11D0-8D11-00A0C91BC942}") = "6.5SetTexData", "6.5SetTexData\6.5SetTexData.vcxproj", "{25CB478C-F353-4351-93CF-FD440B8D66F4}"
EndProject
Project("{8BC9CEB8-8B4A-11D0-8D11-00A0C91BC942}") = "6.9TextureView", "6.9TextureView\6.9TextureView.vcxproj", "{DB47D815-3442-45A6-AD67-2D416954AF4A}"
EndProject
Project("{8BC9CEB8-8B4A-11D0-8D11-00A0C91BC942}") = "6.6Sampler", "6.6Sampler\6.6Sampler.vcxproj", "{52868436-D7D3-4081-9023-8C6FCFE3853F}"
EndProject
Project("{8BC9CEB8-8B4A-11D0-8D11-00A0C91BC942}") = "6.13PointSprite", "6.13PointSprite\6.13PointSprite.vcxproj", "{CC904AB5-115F-4BA0-9EF3-D9998B5E107F}"
EndProject
Project("{8BC9CEB8-8B4A-11D0-8D11-00A0C91BC942}") = "6.14FrameTex", "6.14FrameTex\6.14FrameTex.vcxproj", "{85E6BA00-CC3F-4833-98E4-F0D8CA09F297}"
EndProject
Global
	GlobalSection(SolutionConfigurationPlatforms) = preSolution
		Debug|x86 = Debug|x86
		Release|x86 = Release|x86
	EndGlobalSection
	GlobalSection(ProjectConfigurationPlatforms) = postSolution
		{4FF2FE66-ED91-441B-9FA3-C8379B03E739}.Debug|x86.ActiveCfg = Debug|Win32
		{4FF2FE66-ED91-441B-9FA3-C8379B03E739}.Debug|x86.Build.0 = Debug|Win32
		{4FF2FE66-ED91-441B-9FA3-C8379B03E739}.Release|x86.ActiveCfg = Release|Win32
		{4FF2FE66-ED91-441B-9FA3-C8379B03E739}.Release|x86.Build.0 = Release|Win32
		{CFD0F768-4AF0-4C35-88BC-BF8AA9809C33}.Debug|x86.ActiveCfg = Debug|Win32
		{CFD0F768-4AF0-4C35-88BC-BF8AA9809C33}.Debug|x86.Build.0 = Debug|Win32
		{CFD0F768-4AF0-4C35-88BC-BF8AA9809C33}.Release|x86.ActiveCfg = Release|Win32
		{CFD0F768-4AF0-4C35-88BC-BF8AA9809C33}.Release|x86.Build.0 = Release|Win32
		{718013E4-2C49-4BF1-9555-19347B49414E}.Debug|x86.ActiveCfg = Debug|Win32
		{718013E4-2C49-4BF1-9555-19347B49414E}.Debug|x86.Build.0 = Debug|Win32
		{718013E4-2C49-4BF1-9555-19347B49414E}.Release|x86.ActiveCfg = Release|Win32
		{718013E4-2C49-4BF1-9555-19347B49414E}.Release|x86.Build.0 = Release|Win32
		{46C18832-DFDA-4535-AD84-DF93DE5BDD1B}.Debug|x86.ActiveCfg = Debug|Win32
		{46C18832-DFDA-4535-AD84-DF93DE5BDD1B}.Debug|x86.Build.0 = Debug|Win32
		{46C18832-DFDA-4535-AD84-DF93DE5BDD1B}.Release|x86.ActiveCfg = Release|Win32
		{46C18832-DFDA-4535-AD84-DF93DE5BDD1B}.Release|x86.Build.0 = Release|Win32
		{7329841A-EC61-4C70-BE6C-228A2B3A5159}.Debug|x86.ActiveCfg = Debug|Win32
		{7329841A-EC61-4C70-BE6C-228A2B3A5159}.Debug|x86.Build.0 = Debug|Win32
		{7329841A-EC61-4C70-BE6C-228A2B3A5159}.Release|x86.ActiveCfg = Release|Win32
		{7329841A-EC61-4C70-BE6C-228A2B3A5159}.Release|x86.Build.0 = Release|Win32
		{532489FC-A158-409A-9CBA-71493C81C4B7}.Debug|x86.ActiveCfg = Debug|Win32
		{532489FC-A158-409A-9CBA-71493C81C4B7}.Debug|x86.Build.0 = Debug|Win32
		{532489FC-A158-409A-9CBA-71493C81C4B7}.Release|x86.ActiveCfg = Release|Win32
		{532489FC-A158-409A-9CBA-71493C81C4B7}.Release|x86.Build.0 = Release|Win32
		{2C695561-1249-47F6-BCF6-1C4D8D4399C5}.Debug|x86.ActiveCfg = Debug|Win32
		{2C695561-1249-47F6-BCF6-1C4D8D4399C5}.Debug|x86.Build.0 = Debug|Win32
		{2C695561-1249-47F6-BCF6-1C4D8D4399C5}.Release|x86.ActiveCfg = Release|Win32
		{2C695561-1249-47F6-BCF6-1C4D8D4399C5}.Release|x86.Build.0 = Release|Win32
		{BEB34DAD-C76E-4297-95BA-900B4AFADD8B}.Debug|x86.ActiveCfg = Debug|Win32
		{BEB34DAD-C76E-4297-95BA-900B4AFADD8B}.Debug|x86.Build.0 = Debug|Win32
		{BEB34DAD-C76E-4297-95BA-900B4AFADD8B}.Release|x86.ActiveCfg = Release|Win32
		{BEB34DAD-C76E-4297-95BA-900B4AFADD8B}.Release|x86.Build.0 = Release|Win32
		{92F34249-C995-486A-BA26-AA3A3307AB81}.Debug|x86.ActiveCfg = Debug|Win32
		{92F34249-C995-486A-BA26-AA3A3307AB81}.Debug|x86.Build.0 = Debug|Win32
		{92F34249-C995-486A-BA26-AA3A3307AB81}.Release|x86.ActiveCfg = Release|Win32
		{92F34249-C995-486A-BA26-AA3A3307AB81}.Release|x86.Build.0 = Release|Win32
		{25CB478C-F353-4351-93CF-FD440B8D66F4}.Debug|x86.ActiveCfg = Debug|Win32
		{25CB478C-F353-4351-93CF-FD440B8D66F4}.Debug|x86.Build.0 = Debug|Win32
		{25CB478C-F353-4351-93CF-FD440B8D66F4}.Release|x86.ActiveCfg = Release|Win32
		{25CB478C-F353-4351-93CF-FD440B8D66F4}.Release|x86.Build.0 = Release|Win32
		{DB47D815-3442-45A6-AD67-2D416954AF4A}.Debug|x86.ActiveCfg = Debug|Win32
		{DB47D815-3442-45A6-AD67-2D416954AF4A}.Debug|x86.Build.0 = Debug|Win32
		{DB47D815-3442-45A6-AD67-2D416954AF4A}.Release|x86.ActiveCfg = Release|Win32
		{DB47D815-3442-45A6-AD67-2D416954AF4A}.Release|x86.Build.0 = Release|Win32
		{52868436-D7D3-4081-9023-8C6FCFE3853F}.Debug|x86.ActiveCfg = Debug|Win32
		{52868436-D7D3-4081-9023-8C6FCFE3853F}.Debug|x86.Build.0 = Debug|Win32
		{52868436-D7D3-4081-9023-8C6FCFE3853F}.Release|x86.ActiveCfg = Release|Win32
		{52868436-D7D3-4081-9023-8C6FCFE3853F}.Release|x86.Build.0 = Release|Win32
		{CC904AB5-115F-4BA0-9EF3-D9998B5E107F}.Debug|x86.ActiveCfg = Debug|Win32
		{CC904AB5-115F-4BA0-9EF3-D9998B5E107F}.Debug|x86.Build.0 = Debug|Win32
		{CC904AB5-115F-4BA0-9EF3-D9998B5E107F}.Release|x86.ActiveCfg = Release|Win32
		{CC904AB5-115F-4BA0-9EF3-D9998B5E107F}.Release|x86.Build.0 = Release|Win32
		{85E6BA00-CC3F-4833-98E4-F0D8CA09F297}.Debug|x86.ActiveCfg = Debug|Win32
		{85E6BA00-CC3F-4833-98E4-F0D8CA09F297}.Debug|x86.Build.0 = Debug|Win32
		{85E6BA00-CC3F-4833-98E4-F0D8CA09F297}.Release|x86.ActiveCfg = Release|Win32
		{85E6BA00-CC3F-4833-98E4-F0D8CA09F297}.Release|x86.Build.0 = Release|Win32
	EndGlobalSection
	GlobalSection(SolutionProperties) = preSolution
		HideSolutionNode = FALSE
	EndGlobalSection
EndGlobal
