
Microsoft Visual Studio Solution File, Format Version 12.00
# Visual Studio 14
VisualStudioVersion = 14.0.25420.1
MinimumVisualStudioVersion = 10.0.40219.1
Project("{8BC9CEB8-8B4A-11D0-8D11-00A0C91BC942}") = "teapot", "teapot\teapot.vcxproj", "{92F34249-C995-486A-BA26-AA3A3307AB81}"
EndProject
Project("{8BC9CEB8-8B4A-11D0-8D11-00A0C91BC942}") = "Simple", "Simple\Simple.vcxproj", "{E7E89509-AAEF-45B6-B8C3-217F1C56E85D}"
EndProject
Project("{8BC9CEB8-8B4A-11D0-8D11-00A0C91BC942}") = "9.5-03Triangel", "9.5Triangel\9.5Triangel.vcxproj", "{03E75D1B-D540-471D-99D3-912C9F593C69}"
EndProject
Project("{8BC9CEB8-8B4A-11D0-8D11-00A0C91BC942}") = "9.5-01quads", "9.5-01quads\9.5-01quads.vcxproj", "{A8B49FAD-2BE9-4DC8-A1AA-11CF2C9B8154}"
EndProject
Project("{8BC9CEB8-8B4A-11D0-8D11-00A0C91BC942}") = "9.5-02Line", "9.5-02Line\9.5-02Line.vcxproj", "{396F2877-57DE-4518-B42A-B5C21802B532}"
EndProject
Global
	GlobalSection(SolutionConfigurationPlatforms) = preSolution
		Debug|x86 = Debug|x86
		Release|x86 = Release|x86
	EndGlobalSection
	GlobalSection(ProjectConfigurationPlatforms) = postSolution
		{92F34249-C995-486A-BA26-AA3A3307AB81}.Debug|x86.ActiveCfg = Debug|Win32
		{92F34249-C995-486A-BA26-AA3A3307AB81}.Debug|x86.Build.0 = Debug|Win32
		{92F34249-C995-486A-BA26-AA3A3307AB81}.Release|x86.ActiveCfg = Release|Win32
		{92F34249-C995-486A-BA26-AA3A3307AB81}.Release|x86.Build.0 = Release|Win32
		{E7E89509-AAEF-45B6-B8C3-217F1C56E85D}.Debug|x86.ActiveCfg = Debug|Win32
		{E7E89509-AAEF-45B6-B8C3-217F1C56E85D}.Debug|x86.Build.0 = Debug|Win32
		{E7E89509-AAEF-45B6-B8C3-217F1C56E85D}.Release|x86.ActiveCfg = Release|Win32
		{E7E89509-AAEF-45B6-B8C3-217F1C56E85D}.Release|x86.Build.0 = Release|Win32
		{03E75D1B-D540-471D-99D3-912C9F593C69}.Debug|x86.ActiveCfg = Debug|Win32
		{03E75D1B-D540-471D-99D3-912C9F593C69}.Debug|x86.Build.0 = Debug|Win32
		{03E75D1B-D540-471D-99D3-912C9F593C69}.Release|x86.ActiveCfg = Release|Win32
		{03E75D1B-D540-471D-99D3-912C9F593C69}.Release|x86.Build.0 = Release|Win32
		{A8B49FAD-2BE9-4DC8-A1AA-11CF2C9B8154}.Debug|x86.ActiveCfg = Debug|Win32
		{A8B49FAD-2BE9-4DC8-A1AA-11CF2C9B8154}.Debug|x86.Build.0 = Debug|Win32
		{A8B49FAD-2BE9-4DC8-A1AA-11CF2C9B8154}.Release|x86.ActiveCfg = Release|Win32
		{A8B49FAD-2BE9-4DC8-A1AA-11CF2C9B8154}.Release|x86.Build.0 = Release|Win32
		{396F2877-57DE-4518-B42A-B5C21802B532}.Debug|x86.ActiveCfg = Debug|Win32
		{396F2877-57DE-4518-B42A-B5C21802B532}.Debug|x86.Build.0 = Debug|Win32
		{396F2877-57DE-4518-B42A-B5C21802B532}.Release|x86.ActiveCfg = Release|Win32
		{396F2877-57DE-4518-B42A-B5C21802B532}.Release|x86.Build.0 = Release|Win32
	EndGlobalSection
	GlobalSection(SolutionProperties) = preSolution
		HideSolutionNode = FALSE
	EndGlobalSection
	GlobalSection(ExtensibilityGlobals) = postSolution
		SolutionGuid = {BFB2B107-9B77-4073-A5E5-A43AD9DBC031}
	EndGlobalSection
EndGlobal
