
Microsoft Visual Studio Solution File, Format Version 12.00
# Visual Studio 14
VisualStudioVersion = 14.0.25420.1
MinimumVisualStudioVersion = 10.0.40219.1
Project("{8BC9CEB8-8B4A-11D0-8D11-00A0C91BC942}") = "TestChapter10", "TestChapter10\TestChapter10.vcxproj", "{92F34249-C995-486A-BA26-AA3A3307AB81}"
EndProject
Project("{8BC9CEB8-8B4A-11D0-8D11-00A0C91BC942}") = "10.4TransformFeedback", "10.4TransformFeedback\10.4TransformFeedback.vcxproj", "{D20B9FFD-D691-43DC-8C69-1D7B5A29B107}"
EndProject
Project("{8BC9CEB8-8B4A-11D0-8D11-00A0C91BC942}") = "10.6FourViewport", "10.6FourViewport\10.6FourViewport.vcxproj", "{901B2C0B-F64C-4DAA-889C-3ED741F2DFDF}"
EndProject
Global
	GlobalSection(SolutionConfigurationPlatforms) = preSolution
		Debug|x64 = Debug|x64
		Debug|x86 = Debug|x86
		Release|x64 = Release|x64
		Release|x86 = Release|x86
	EndGlobalSection
	GlobalSection(ProjectConfigurationPlatforms) = postSolution
		{92F34249-C995-486A-BA26-AA3A3307AB81}.Debug|x64.ActiveCfg = Debug|x64
		{92F34249-C995-486A-BA26-AA3A3307AB81}.Debug|x64.Build.0 = Debug|x64
		{92F34249-C995-486A-BA26-AA3A3307AB81}.Debug|x86.ActiveCfg = Debug|Win32
		{92F34249-C995-486A-BA26-AA3A3307AB81}.Debug|x86.Build.0 = Debug|Win32
		{92F34249-C995-486A-BA26-AA3A3307AB81}.Release|x64.ActiveCfg = Release|x64
		{92F34249-C995-486A-BA26-AA3A3307AB81}.Release|x64.Build.0 = Release|x64
		{92F34249-C995-486A-BA26-AA3A3307AB81}.Release|x86.ActiveCfg = Release|Win32
		{92F34249-C995-486A-BA26-AA3A3307AB81}.Release|x86.Build.0 = Release|Win32
		{D20B9FFD-D691-43DC-8C69-1D7B5A29B107}.Debug|x64.ActiveCfg = Debug|x64
		{D20B9FFD-D691-43DC-8C69-1D7B5A29B107}.Debug|x64.Build.0 = Debug|x64
		{D20B9FFD-D691-43DC-8C69-1D7B5A29B107}.Debug|x86.ActiveCfg = Debug|Win32
		{D20B9FFD-D691-43DC-8C69-1D7B5A29B107}.Debug|x86.Build.0 = Debug|Win32
		{D20B9FFD-D691-43DC-8C69-1D7B5A29B107}.Release|x64.ActiveCfg = Release|x64
		{D20B9FFD-D691-43DC-8C69-1D7B5A29B107}.Release|x64.Build.0 = Release|x64
		{D20B9FFD-D691-43DC-8C69-1D7B5A29B107}.Release|x86.ActiveCfg = Release|Win32
		{D20B9FFD-D691-43DC-8C69-1D7B5A29B107}.Release|x86.Build.0 = Release|Win32
		{901B2C0B-F64C-4DAA-889C-3ED741F2DFDF}.Debug|x64.ActiveCfg = Debug|x64
		{901B2C0B-F64C-4DAA-889C-3ED741F2DFDF}.Debug|x64.Build.0 = Debug|x64
		{901B2C0B-F64C-4DAA-889C-3ED741F2DFDF}.Debug|x86.ActiveCfg = Debug|Win32
		{901B2C0B-F64C-4DAA-889C-3ED741F2DFDF}.Debug|x86.Build.0 = Debug|Win32
		{901B2C0B-F64C-4DAA-889C-3ED741F2DFDF}.Release|x64.ActiveCfg = Release|x64
		{901B2C0B-F64C-4DAA-889C-3ED741F2DFDF}.Release|x64.Build.0 = Release|x64
		{901B2C0B-F64C-4DAA-889C-3ED741F2DFDF}.Release|x86.ActiveCfg = Release|Win32
		{901B2C0B-F64C-4DAA-889C-3ED741F2DFDF}.Release|x86.Build.0 = Release|Win32
	EndGlobalSection
	GlobalSection(SolutionProperties) = preSolution
		HideSolutionNode = FALSE
	EndGlobalSection
EndGlobal
