
Microsoft Visual Studio Solution File, Format Version 12.00
# Visual Studio 15
VisualStudioVersion = 15.0.27703.2026
MinimumVisualStudioVersion = 10.0.40219.1
Project("{8BC9CEB8-8B4A-11D0-8D11-00A0C91BC942}") = "ch08_lightmodels", "ch08_lightmodels\ch08_lightmodels.vcxproj", "{92F34249-C995-486A-BA26-AA3A3307AB81}"
EndProject
Project("{8BC9CEB8-8B4A-11D0-8D11-00A0C91BC942}") = "8.1.1-01Stripe", "8.1.1Stripe\8.1.1Stripe.vcxproj", "{772BD5E5-D8F4-4700-85D8-ABA70E7681D6}"
EndProject
Project("{8BC9CEB8-8B4A-11D0-8D11-00A0C91BC942}") = "8.1.1-02BrickColor-Square", "8.1.1BrickColor\8.1.1BrickColor.vcxproj", "{A41D7324-D779-48ED-A445-979A384B2525}"
EndProject
Project("{8BC9CEB8-8B4A-11D0-8D11-00A0C91BC942}") = "8.1.1-03BrickColor-Ball", "8.1.1BrickColor-Ball\8.1.1BrickColor-Ball.vcxproj", "{497B9BB6-B623-4B87-AB6D-669621CC24D9}"
EndProject
Project("{8BC9CEB8-8B4A-11D0-8D11-00A0C91BC942}") = "8.1.2StarBall", "8.1.2StartBall\8.1.2StartBall.vcxproj", "{E3C309DB-DE0B-452B-A1F7-D2D1001E0A72}"
EndProject
Project("{8BC9CEB8-8B4A-11D0-8D11-00A0C91BC942}") = "8.1.2TriangleBall", "8.1.2TriangleBall\8.1.2TriangleBall.vcxproj", "{898E0CAF-3466-4501-B93F-BA96E86772B0}"
EndProject
Project("{8BC9CEB8-8B4A-11D0-8D11-00A0C91BC942}") = "8.1.3Lattice", "8.1.3Lattice\8.1.3Lattice.vcxproj", "{C062A61B-0B82-4688-A314-3237E262DB41}"
EndProject
Project("{8BC9CEB8-8B4A-11D0-8D11-00A0C91BC942}") = "8.2-01Bump", "8.2Bump\8.2Bump.vcxproj", "{1B2B6319-065D-4723-91C0-2491A857D0D3}"
EndProject
Project("{8BC9CEB8-8B4A-11D0-8D11-00A0C91BC942}") = "8.2-02Bump-tours", "8.2-02Bump-tours\8.2-02Bump-tours.vcxproj", "{8EC9BBA6-C5C4-439B-A33B-F89F37AF8BF1}"
EndProject
Project("{8BC9CEB8-8B4A-11D0-8D11-00A0C91BC942}") = "8.3.4-01StripesBall", "8.3.4-01StripesBall\8.3.4StripesBall.vcxproj", "{06038574-EFA5-41F4-ACD4-8FED9E13A05A}"
EndProject
Project("{8BC9CEB8-8B4A-11D0-8D11-00A0C91BC942}") = "8.3.4-02Test_dFdx_dFdy", "8.3.4-02Test_dFdx_dFdy\8.3.4-02Test_dFdx_dFdy.vcxproj", "{F3AFA5B5-6584-4159-9F90-884A99D51135}"
EndProject
Project("{8BC9CEB8-8B4A-11D0-8D11-00A0C91BC942}") = "8.3.4-03BrickConvolution", "8.3.4-03BrickConvolution\8.3.4-03BrickConvolution.vcxproj", "{C227B4E5-D398-4B13-B651-1F8362B08D07}"
EndProject
Project("{8BC9CEB8-8B4A-11D0-8D11-00A0C91BC942}") = "8.3.5-01Checkerboard", "8.3.5Checkerboard\8.3.5Checkerboard.vcxproj", "{D64EE4D2-272B-484E-A5E5-F4B6B8E2B029}"
EndProject
Project("{8BC9CEB8-8B4A-11D0-8D11-00A0C91BC942}") = "8.3.5-02BallCheckerboard", "8.3.5-02BallCheckerboard\8.3.5-02BallCheckerboard.vcxproj", "{14BFFF09-B81E-441E-8A34-FDAEA4330DE2}"
EndProject
Project("{8BC9CEB8-8B4A-11D0-8D11-00A0C91BC942}") = "8.4.1-01Noise1", "8.4-01Noise1\8.4-01Noise1.vcxproj", "{08EE7B91-CBFB-4CFA-ADC2-841163910680}"
EndProject
Project("{8BC9CEB8-8B4A-11D0-8D11-00A0C91BC942}") = "8.4.4-01NoiseCloudy", "8.4.4NoiseCloudy-01\8.4.4NoiseCloudy-01.vcxproj", "{B39AF920-8283-4D56-B365-0709C0300CEA}"
EndProject
Project("{8BC9CEB8-8B4A-11D0-8D11-00A0C91BC942}") = "8.4.5-01Turbulence", "8.4.5-01Turbulence\8.4.5-01Turbulence.vcxproj", "{D40B3BA6-E056-4B24-806A-D3946D792E30}"
EndProject
Project("{8BC9CEB8-8B4A-11D0-8D11-00A0C91BC942}") = "8.4.5-02SimpleFire", "8.4.5-02SimpleFire\8.4.5-02SimpleFire.vcxproj", "{11C37253-021D-4198-8145-9E192A4FC73C}"
EndProject
Global
	GlobalSection(SolutionConfigurationPlatforms) = preSolution
		Debug|x64 = Debug|x64
		Debug|x86 = Debug|x86
		Release|x64 = Release|x64
		Release|x86 = Release|x86
	EndGlobalSection
	GlobalSection(ProjectConfigurationPlatforms) = postSolution
		{92F34249-C995-486A-BA26-AA3A3307AB81}.Debug|x64.ActiveCfg = Debug|x64
		{92F34249-C995-486A-BA26-AA3A3307AB81}.Debug|x64.Build.0 = Debug|x64
		{92F34249-C995-486A-BA26-AA3A3307AB81}.Debug|x86.ActiveCfg = Debug|Win32
		{92F34249-C995-486A-BA26-AA3A3307AB81}.Debug|x86.Build.0 = Debug|Win32
		{92F34249-C995-486A-BA26-AA3A3307AB81}.Release|x64.ActiveCfg = Release|x64
		{92F34249-C995-486A-BA26-AA3A3307AB81}.Release|x64.Build.0 = Release|x64
		{92F34249-C995-486A-BA26-AA3A3307AB81}.Release|x86.ActiveCfg = Release|Win32
		{92F34249-C995-486A-BA26-AA3A3307AB81}.Release|x86.Build.0 = Release|Win32
		{772BD5E5-D8F4-4700-85D8-ABA70E7681D6}.Debug|x64.ActiveCfg = Debug|x64
		{772BD5E5-D8F4-4700-85D8-ABA70E7681D6}.Debug|x64.Build.0 = Debug|x64
		{772BD5E5-D8F4-4700-85D8-ABA70E7681D6}.Debug|x86.ActiveCfg = Debug|Win32
		{772BD5E5-D8F4-4700-85D8-ABA70E7681D6}.Debug|x86.Build.0 = Debug|Win32
		{772BD5E5-D8F4-4700-85D8-ABA70E7681D6}.Release|x64.ActiveCfg = Release|x64
		{772BD5E5-D8F4-4700-85D8-ABA70E7681D6}.Release|x64.Build.0 = Release|x64
		{772BD5E5-D8F4-4700-85D8-ABA70E7681D6}.Release|x86.ActiveCfg = Release|Win32
		{772BD5E5-D8F4-4700-85D8-ABA70E7681D6}.Release|x86.Build.0 = Release|Win32
		{A41D7324-D779-48ED-A445-979A384B2525}.Debug|x64.ActiveCfg = Debug|x64
		{A41D7324-D779-48ED-A445-979A384B2525}.Debug|x64.Build.0 = Debug|x64
		{A41D7324-D779-48ED-A445-979A384B2525}.Debug|x86.ActiveCfg = Debug|Win32
		{A41D7324-D779-48ED-A445-979A384B2525}.Debug|x86.Build.0 = Debug|Win32
		{A41D7324-D779-48ED-A445-979A384B2525}.Release|x64.ActiveCfg = Release|x64
		{A41D7324-D779-48ED-A445-979A384B2525}.Release|x64.Build.0 = Release|x64
		{A41D7324-D779-48ED-A445-979A384B2525}.Release|x86.ActiveCfg = Release|Win32
		{A41D7324-D779-48ED-A445-979A384B2525}.Release|x86.Build.0 = Release|Win32
		{497B9BB6-B623-4B87-AB6D-669621CC24D9}.Debug|x64.ActiveCfg = Debug|x64
		{497B9BB6-B623-4B87-AB6D-669621CC24D9}.Debug|x64.Build.0 = Debug|x64
		{497B9BB6-B623-4B87-AB6D-669621CC24D9}.Debug|x86.ActiveCfg = Debug|Win32
		{497B9BB6-B623-4B87-AB6D-669621CC24D9}.Debug|x86.Build.0 = Debug|Win32
		{497B9BB6-B623-4B87-AB6D-669621CC24D9}.Release|x64.ActiveCfg = Release|x64
		{497B9BB6-B623-4B87-AB6D-669621CC24D9}.Release|x64.Build.0 = Release|x64
		{497B9BB6-B623-4B87-AB6D-669621CC24D9}.Release|x86.ActiveCfg = Release|Win32
		{497B9BB6-B623-4B87-AB6D-669621CC24D9}.Release|x86.Build.0 = Release|Win32
		{E3C309DB-DE0B-452B-A1F7-D2D1001E0A72}.Debug|x64.ActiveCfg = Debug|x64
		{E3C309DB-DE0B-452B-A1F7-D2D1001E0A72}.Debug|x64.Build.0 = Debug|x64
		{E3C309DB-DE0B-452B-A1F7-D2D1001E0A72}.Debug|x86.ActiveCfg = Debug|Win32
		{E3C309DB-DE0B-452B-A1F7-D2D1001E0A72}.Debug|x86.Build.0 = Debug|Win32
		{E3C309DB-DE0B-452B-A1F7-D2D1001E0A72}.Release|x64.ActiveCfg = Release|x64
		{E3C309DB-DE0B-452B-A1F7-D2D1001E0A72}.Release|x64.Build.0 = Release|x64
		{E3C309DB-DE0B-452B-A1F7-D2D1001E0A72}.Release|x86.ActiveCfg = Release|Win32
		{E3C309DB-DE0B-452B-A1F7-D2D1001E0A72}.Release|x86.Build.0 = Release|Win32
		{898E0CAF-3466-4501-B93F-BA96E86772B0}.Debug|x64.ActiveCfg = Debug|x64
		{898E0CAF-3466-4501-B93F-BA96E86772B0}.Debug|x64.Build.0 = Debug|x64
		{898E0CAF-3466-4501-B93F-BA96E86772B0}.Debug|x86.ActiveCfg = Debug|Win32
		{898E0CAF-3466-4501-B93F-BA96E86772B0}.Debug|x86.Build.0 = Debug|Win32
		{898E0CAF-3466-4501-B93F-BA96E86772B0}.Release|x64.ActiveCfg = Release|x64
		{898E0CAF-3466-4501-B93F-BA96E86772B0}.Release|x64.Build.0 = Release|x64
		{898E0CAF-3466-4501-B93F-BA96E86772B0}.Release|x86.ActiveCfg = Release|Win32
		{898E0CAF-3466-4501-B93F-BA96E86772B0}.Release|x86.Build.0 = Release|Win32
		{C062A61B-0B82-4688-A314-3237E262DB41}.Debug|x64.ActiveCfg = Debug|x64
		{C062A61B-0B82-4688-A314-3237E262DB41}.Debug|x64.Build.0 = Debug|x64
		{C062A61B-0B82-4688-A314-3237E262DB41}.Debug|x86.ActiveCfg = Debug|Win32
		{C062A61B-0B82-4688-A314-3237E262DB41}.Debug|x86.Build.0 = Debug|Win32
		{C062A61B-0B82-4688-A314-3237E262DB41}.Release|x64.ActiveCfg = Release|x64
		{C062A61B-0B82-4688-A314-3237E262DB41}.Release|x64.Build.0 = Release|x64
		{C062A61B-0B82-4688-A314-3237E262DB41}.Release|x86.ActiveCfg = Release|Win32
		{C062A61B-0B82-4688-A314-3237E262DB41}.Release|x86.Build.0 = Release|Win32
		{1B2B6319-065D-4723-91C0-2491A857D0D3}.Debug|x64.ActiveCfg = Debug|x64
		{1B2B6319-065D-4723-91C0-2491A857D0D3}.Debug|x64.Build.0 = Debug|x64
		{1B2B6319-065D-4723-91C0-2491A857D0D3}.Debug|x86.ActiveCfg = Debug|Win32
		{1B2B6319-065D-4723-91C0-2491A857D0D3}.Debug|x86.Build.0 = Debug|Win32
		{1B2B6319-065D-4723-91C0-2491A857D0D3}.Release|x64.ActiveCfg = Release|x64
		{1B2B6319-065D-4723-91C0-2491A857D0D3}.Release|x64.Build.0 = Release|x64
		{1B2B6319-065D-4723-91C0-2491A857D0D3}.Release|x86.ActiveCfg = Release|Win32
		{1B2B6319-065D-4723-91C0-2491A857D0D3}.Release|x86.Build.0 = Release|Win32
		{8EC9BBA6-C5C4-439B-A33B-F89F37AF8BF1}.Debug|x64.ActiveCfg = Debug|x64
		{8EC9BBA6-C5C4-439B-A33B-F89F37AF8BF1}.Debug|x64.Build.0 = Debug|x64
		{8EC9BBA6-C5C4-439B-A33B-F89F37AF8BF1}.Debug|x86.ActiveCfg = Debug|Win32
		{8EC9BBA6-C5C4-439B-A33B-F89F37AF8BF1}.Debug|x86.Build.0 = Debug|Win32
		{8EC9BBA6-C5C4-439B-A33B-F89F37AF8BF1}.Release|x64.ActiveCfg = Release|x64
		{8EC9BBA6-C5C4-439B-A33B-F89F37AF8BF1}.Release|x64.Build.0 = Release|x64
		{8EC9BBA6-C5C4-439B-A33B-F89F37AF8BF1}.Release|x86.ActiveCfg = Release|Win32
		{8EC9BBA6-C5C4-439B-A33B-F89F37AF8BF1}.Release|x86.Build.0 = Release|Win32
		{06038574-EFA5-41F4-ACD4-8FED9E13A05A}.Debug|x64.ActiveCfg = Debug|x64
		{06038574-EFA5-41F4-ACD4-8FED9E13A05A}.Debug|x64.Build.0 = Debug|x64
		{06038574-EFA5-41F4-ACD4-8FED9E13A05A}.Debug|x86.ActiveCfg = Debug|Win32
		{06038574-EFA5-41F4-ACD4-8FED9E13A05A}.Debug|x86.Build.0 = Debug|Win32
		{06038574-EFA5-41F4-ACD4-8FED9E13A05A}.Release|x64.ActiveCfg = Release|x64
		{06038574-EFA5-41F4-ACD4-8FED9E13A05A}.Release|x64.Build.0 = Release|x64
		{06038574-EFA5-41F4-ACD4-8FED9E13A05A}.Release|x86.ActiveCfg = Release|Win32
		{06038574-EFA5-41F4-ACD4-8FED9E13A05A}.Release|x86.Build.0 = Release|Win32
		{F3AFA5B5-6584-4159-9F90-884A99D51135}.Debug|x64.ActiveCfg = Debug|x64
		{F3AFA5B5-6584-4159-9F90-884A99D51135}.Debug|x64.Build.0 = Debug|x64
		{F3AFA5B5-6584-4159-9F90-884A99D51135}.Debug|x86.ActiveCfg = Debug|Win32
		{F3AFA5B5-6584-4159-9F90-884A99D51135}.Debug|x86.Build.0 = Debug|Win32
		{F3AFA5B5-6584-4159-9F90-884A99D51135}.Release|x64.ActiveCfg = Release|x64
		{F3AFA5B5-6584-4159-9F90-884A99D51135}.Release|x64.Build.0 = Release|x64
		{F3AFA5B5-6584-4159-9F90-884A99D51135}.Release|x86.ActiveCfg = Release|Win32
		{F3AFA5B5-6584-4159-9F90-884A99D51135}.Release|x86.Build.0 = Release|Win32
		{C227B4E5-D398-4B13-B651-1F8362B08D07}.Debug|x64.ActiveCfg = Debug|x64
		{C227B4E5-D398-4B13-B651-1F8362B08D07}.Debug|x64.Build.0 = Debug|x64
		{C227B4E5-D398-4B13-B651-1F8362B08D07}.Debug|x86.ActiveCfg = Debug|Win32
		{C227B4E5-D398-4B13-B651-1F8362B08D07}.Debug|x86.Build.0 = Debug|Win32
		{C227B4E5-D398-4B13-B651-1F8362B08D07}.Release|x64.ActiveCfg = Release|x64
		{C227B4E5-D398-4B13-B651-1F8362B08D07}.Release|x64.Build.0 = Release|x64
		{C227B4E5-D398-4B13-B651-1F8362B08D07}.Release|x86.ActiveCfg = Release|Win32
		{C227B4E5-D398-4B13-B651-1F8362B08D07}.Release|x86.Build.0 = Release|Win32
		{D64EE4D2-272B-484E-A5E5-F4B6B8E2B029}.Debug|x64.ActiveCfg = Debug|x64
		{D64EE4D2-272B-484E-A5E5-F4B6B8E2B029}.Debug|x64.Build.0 = Debug|x64
		{D64EE4D2-272B-484E-A5E5-F4B6B8E2B029}.Debug|x86.ActiveCfg = Debug|Win32
		{D64EE4D2-272B-484E-A5E5-F4B6B8E2B029}.Debug|x86.Build.0 = Debug|Win32
		{D64EE4D2-272B-484E-A5E5-F4B6B8E2B029}.Release|x64.ActiveCfg = Release|x64
		{D64EE4D2-272B-484E-A5E5-F4B6B8E2B029}.Release|x64.Build.0 = Release|x64
		{D64EE4D2-272B-484E-A5E5-F4B6B8E2B029}.Release|x86.ActiveCfg = Release|Win32
		{D64EE4D2-272B-484E-A5E5-F4B6B8E2B029}.Release|x86.Build.0 = Release|Win32
		{14BFFF09-B81E-441E-8A34-FDAEA4330DE2}.Debug|x64.ActiveCfg = Debug|x64
		{14BFFF09-B81E-441E-8A34-FDAEA4330DE2}.Debug|x64.Build.0 = Debug|x64
		{14BFFF09-B81E-441E-8A34-FDAEA4330DE2}.Debug|x86.ActiveCfg = Debug|Win32
		{14BFFF09-B81E-441E-8A34-FDAEA4330DE2}.Debug|x86.Build.0 = Debug|Win32
		{14BFFF09-B81E-441E-8A34-FDAEA4330DE2}.Release|x64.ActiveCfg = Release|x64
		{14BFFF09-B81E-441E-8A34-FDAEA4330DE2}.Release|x64.Build.0 = Release|x64
		{14BFFF09-B81E-441E-8A34-FDAEA4330DE2}.Release|x86.ActiveCfg = Release|Win32
		{14BFFF09-B81E-441E-8A34-FDAEA4330DE2}.Release|x86.Build.0 = Release|Win32
		{08EE7B91-CBFB-4CFA-ADC2-841163910680}.Debug|x64.ActiveCfg = Debug|x64
		{08EE7B91-CBFB-4CFA-ADC2-841163910680}.Debug|x64.Build.0 = Debug|x64
		{08EE7B91-CBFB-4CFA-ADC2-841163910680}.Debug|x86.ActiveCfg = Debug|Win32
		{08EE7B91-CBFB-4CFA-ADC2-841163910680}.Debug|x86.Build.0 = Debug|Win32
		{08EE7B91-CBFB-4CFA-ADC2-841163910680}.Release|x64.ActiveCfg = Release|x64
		{08EE7B91-CBFB-4CFA-ADC2-841163910680}.Release|x64.Build.0 = Release|x64
		{08EE7B91-CBFB-4CFA-ADC2-841163910680}.Release|x86.ActiveCfg = Release|Win32
		{08EE7B91-CBFB-4CFA-ADC2-841163910680}.Release|x86.Build.0 = Release|Win32
		{B39AF920-8283-4D56-B365-0709C0300CEA}.Debug|x64.ActiveCfg = Debug|x64
		{B39AF920-8283-4D56-B365-0709C0300CEA}.Debug|x64.Build.0 = Debug|x64
		{B39AF920-8283-4D56-B365-0709C0300CEA}.Debug|x86.ActiveCfg = Debug|Win32
		{B39AF920-8283-4D56-B365-0709C0300CEA}.Debug|x86.Build.0 = Debug|Win32
		{B39AF920-8283-4D56-B365-0709C0300CEA}.Release|x64.ActiveCfg = Release|x64
		{B39AF920-8283-4D56-B365-0709C0300CEA}.Release|x64.Build.0 = Release|x64
		{B39AF920-8283-4D56-B365-0709C0300CEA}.Release|x86.ActiveCfg = Release|Win32
		{B39AF920-8283-4D56-B365-0709C0300CEA}.Release|x86.Build.0 = Release|Win32
		{D40B3BA6-E056-4B24-806A-D3946D792E30}.Debug|x64.ActiveCfg = Debug|x64
		{D40B3BA6-E056-4B24-806A-D3946D792E30}.Debug|x64.Build.0 = Debug|x64
		{D40B3BA6-E056-4B24-806A-D3946D792E30}.Debug|x86.ActiveCfg = Debug|Win32
		{D40B3BA6-E056-4B24-806A-D3946D792E30}.Debug|x86.Build.0 = Debug|Win32
		{D40B3BA6-E056-4B24-806A-D3946D792E30}.Release|x64.ActiveCfg = Release|x64
		{D40B3BA6-E056-4B24-806A-D3946D792E30}.Release|x64.Build.0 = Release|x64
		{D40B3BA6-E056-4B24-806A-D3946D792E30}.Release|x86.ActiveCfg = Release|Win32
		{D40B3BA6-E056-4B24-806A-D3946D792E30}.Release|x86.Build.0 = Release|Win32
		{11C37253-021D-4198-8145-9E192A4FC73C}.Debug|x64.ActiveCfg = Debug|x64
		{11C37253-021D-4198-8145-9E192A4FC73C}.Debug|x64.Build.0 = Debug|x64
		{11C37253-021D-4198-8145-9E192A4FC73C}.Debug|x86.ActiveCfg = Debug|Win32
		{11C37253-021D-4198-8145-9E192A4FC73C}.Debug|x86.Build.0 = Debug|Win32
		{11C37253-021D-4198-8145-9E192A4FC73C}.Release|x64.ActiveCfg = Release|x64
		{11C37253-021D-4198-8145-9E192A4FC73C}.Release|x64.Build.0 = Release|x64
		{11C37253-021D-4198-8145-9E192A4FC73C}.Release|x86.ActiveCfg = Release|Win32
		{11C37253-021D-4198-8145-9E192A4FC73C}.Release|x86.Build.0 = Release|Win32
	EndGlobalSection
	GlobalSection(SolutionProperties) = preSolution
		HideSolutionNode = FALSE
	EndGlobalSection
	GlobalSection(ExtensibilityGlobals) = postSolution
		SolutionGuid = {D2B8A019-329B-4424-BD05-824129D24A6E}
	EndGlobalSection
EndGlobal
